
Microsoft Visual Studio Solution File, Format Version 12.00
# Visual Studio Version 16
VisualStudioVersion = 16.0.28803.202
MinimumVisualStudioVersion = 10.0.40219.1
Project("{888888A0-9F3D-457C-B088-3A5042F75D52}") = "DIPLOM", "DIPLOM\DIPLOM.pyproj", "{92C495E8-07F1-4A74-8CB8-7D2BD6B41F00}"
EndProject
Global
	GlobalSection(SolutionConfigurationPlatforms) = preSolution
		Debug|Any CPU = Debug|Any CPU
		Release|Any CPU = Release|Any CPU
	EndGlobalSection
	GlobalSection(ProjectConfigurationPlatforms) = postSolution
		{92C495E8-07F1-4A74-8CB8-7D2BD6B41F00}.Debug|Any CPU.ActiveCfg = Debug|Any CPU
		{92C495E8-07F1-4A74-8CB8-7D2BD6B41F00}.Release|Any CPU.ActiveCfg = Release|Any CPU
	EndGlobalSection
	GlobalSection(SolutionProperties) = preSolution
		HideSolutionNode = FALSE
	EndGlobalSection
	GlobalSection(ExtensibilityGlobals) = postSolution
		SolutionGuid = {90438E16-8772-42D3-B687-A5C9299D2B13}
	EndGlobalSection
EndGlobal
